
Microsoft Visual Studio Solution File, Format Version 12.00
# Visual Studio Version 17
VisualStudioVersion = 17.6.33723.286
MinimumVisualStudioVersion = 10.0.40219.1
Project("{FAE04EC0-301F-11D3-BF4B-00C04F79EFBC}") = "CMS", "CMS.csproj", "{917641D4-C4A8-4599-B5C0-4B6E3D635733}"
EndProject
Global
	GlobalSection(SolutionConfigurationPlatforms) = preSolution
		Debug|Any CPU = Debug|Any CPU
		Release|Any CPU = Release|Any CPU
	EndGlobalSection
	GlobalSection(ProjectConfigurationPlatforms) = postSolution
		{917641D4-C4A8-4599-B5C0-4B6E3D635733}.Debug|Any CPU.ActiveCfg = Debug|Any CPU
		{917641D4-C4A8-4599-B5C0-4B6E3D635733}.Debug|Any CPU.Build.0 = Debug|Any CPU
		{917641D4-C4A8-4599-B5C0-4B6E3D635733}.Release|Any CPU.ActiveCfg = Release|Any CPU
		{917641D4-C4A8-4599-B5C0-4B6E3D635733}.Release|Any CPU.Build.0 = Release|Any CPU
	EndGlobalSection
	GlobalSection(SolutionProperties) = preSolution
		HideSolutionNode = FALSE
	EndGlobalSection
	GlobalSection(ExtensibilityGlobals) = postSolution
		SolutionGuid = {F49C300C-3DB0-4962-89FD-B61A45EAE855}
	EndGlobalSection
EndGlobal
